// !$*UTF8*$!
{
	archiveVersion = 1;
	classes = {
	};
	objectVersion = 46;
	objects = {

/* Begin PBXBuildFile section */
		006D720419952D00008149E2 /* AVFoundation.framework in Frameworks */ = {isa = PBXBuildFile; fileRef = 006D720219952D00008149E2 /* AVFoundation.framework */; };
		006D720519952D00008149E2 /* CoreMedia.framework in Frameworks */ = {isa = PBXBuildFile; fileRef = 006D720319952D00008149E2 /* CoreMedia.framework */; };
		0091D8F90E81B9330029341E /* OpenGL.framework in Frameworks */ = {isa = PBXBuildFile; fileRef = 0091D8F80E81B9330029341E /* OpenGL.framework */; };
		00B784B30FF439BC000DE1D7 /* Accelerate.framework in Frameworks */ = {isa = PBXBuildFile; fileRef = 00B784AF0FF439BC000DE1D7 /* Accelerate.framework */; };
		00B784B40FF439BC000DE1D7 /* AudioToolbox.framework in Frameworks */ = {isa = PBXBuildFile; fileRef = 00B784B00FF439BC000DE1D7 /* AudioToolbox.framework */; };
		00B784B50FF439BC000DE1D7 /* AudioUnit.framework in Frameworks */ = {isa = PBXBuildFile; fileRef = 00B784B10FF439BC000DE1D7 /* AudioUnit.framework */; };
		00B784B60FF439BC000DE1D7 /* CoreAudio.framework in Frameworks */ = {isa = PBXBuildFile; fileRef = 00B784B20FF439BC000DE1D7 /* CoreAudio.framework */; };
		32073B408D194BA4827CDA1A /* ActorManager.cpp in Sources */ = {isa = PBXBuildFile; fileRef = 5D10753C135A4E49A281C013 /* ActorManager.cpp */; };
		4D50689423F947BCA1E2DB4C /* TransformComponent.cpp in Sources */ = {isa = PBXBuildFile; fileRef = F6D279BDDAE44300B8CB6C77 /* TransformComponent.cpp */; };
		4E453BDCC17B4D7B823E8E3F /* ActorFactory.cpp in Sources */ = {isa = PBXBuildFile; fileRef = DB8A765D33ED4E3591380E78 /* ActorFactory.cpp */; };
		4F85E2F11B0BD946005BDFD7 /* Components.cpp in Sources */ = {isa = PBXBuildFile; fileRef = 4F85E2EB1B0BD946005BDFD7 /* Components.cpp */; };
		4F85E2F21B0BD946005BDFD7 /* Events.cpp in Sources */ = {isa = PBXBuildFile; fileRef = 4F85E2ED1B0BD946005BDFD7 /* Events.cpp */; };
		4F85E2F31B0BD946005BDFD7 /* Scenes.cpp in Sources */ = {isa = PBXBuildFile; fileRef = 4F85E2EF1B0BD946005BDFD7 /* Scenes.cpp */; };
		4F85E2F51B0BD94C005BDFD7 /* config.json in Resources */ = {isa = PBXBuildFile; fileRef = 4F85E2F41B0BD94C005BDFD7 /* config.json */; };
		4FCBB0AD1B0E7A3F00BCE8C0 /* LightManager.cpp in Sources */ = {isa = PBXBuildFile; fileRef = 4FCBB0AC1B0E7A3F00BCE8C0 /* LightManager.cpp */; };
		4FCBB0B11B0E7C0600BCE8C0 /* CameraManager.cpp in Sources */ = {isa = PBXBuildFile; fileRef = 4FCBB0AF1B0E7C0600BCE8C0 /* CameraManager.cpp */; };
		4FCBB0B41B0E7E0200BCE8C0 /* CameraComponent.cpp in Sources */ = {isa = PBXBuildFile; fileRef = 4FCBB0B21B0E7E0200BCE8C0 /* CameraComponent.cpp */; };
		4FCBB0BD1B0E9BFE00BCE8C0 /* LightComponentBase.cpp in Sources */ = {isa = PBXBuildFile; fileRef = 4FCBB0BB1B0E9BFE00BCE8C0 /* LightComponentBase.cpp */; };
		4FCBB0C01B0E9C6500BCE8C0 /* DynamicLightComponent.cpp in Sources */ = {isa = PBXBuildFile; fileRef = 4FCBB0BE1B0E9C6500BCE8C0 /* DynamicLightComponent.cpp */; };
		4FCBB0C31B0E9C8A00BCE8C0 /* StaticLightComponent.cpp in Sources */ = {isa = PBXBuildFile; fileRef = 4FCBB0C11B0E9C8A00BCE8C0 /* StaticLightComponent.cpp */; };
		4FCBB0C61B0E9C9D00BCE8C0 /* ShadowLightComponent.cpp in Sources */ = {isa = PBXBuildFile; fileRef = 4FCBB0C41B0E9C9D00BCE8C0 /* ShadowLightComponent.cpp */; };
		4FCBB0CC1B0F6AC200BCE8C0 /* FrustumCullComponent.cpp in Sources */ = {isa = PBXBuildFile; fileRef = 4FCBB0CA1B0F6AC200BCE8C0 /* FrustumCullComponent.cpp */; };
		4FCBB0CF1B0F7C0B00BCE8C0 /* AppSceneBase.cpp in Sources */ = {isa = PBXBuildFile; fileRef = 4FCBB0CD1B0F7C0B00BCE8C0 /* AppSceneBase.cpp */; };
		5323E6B20EAFCA74003A9687 /* CoreVideo.framework in Frameworks */ = {isa = PBXBuildFile; fileRef = 5323E6B10EAFCA74003A9687 /* CoreVideo.framework */; };
		5323E6B60EAFCA7E003A9687 /* QTKit.framework in Frameworks */ = {isa = PBXBuildFile; fileRef = 5323E6B50EAFCA7E003A9687 /* QTKit.framework */; };
		53CB2E4C02864F439668F7A2 /* UpdatableComponentBase.cpp in Sources */ = {isa = PBXBuildFile; fileRef = 7E6DD28E355D4B528CE3DAAE /* UpdatableComponentBase.cpp */; };
		5625F89DA6854AF2827AA41D /* Actor.cpp in Sources */ = {isa = PBXBuildFile; fileRef = 640DCBE28588421F8E3B1066 /* Actor.cpp */; };
		5709DC3FAD5F4141B11A8822 /* Controller.cpp in Sources */ = {isa = PBXBuildFile; fileRef = BC2842B9F208420D83CF85F3 /* Controller.cpp */; };
		5D2F2DB5AB14493397985D0E /* FactoryBase.cpp in Sources */ = {isa = PBXBuildFile; fileRef = 134415D68C8742A5892DDFED /* FactoryBase.cpp */; };
		67D83267B7ED4FA6B49F67DB /* CinderApp.icns in Resources */ = {isa = PBXBuildFile; fileRef = 5DCCA2E7BF614B9CB07D9D09 /* CinderApp.icns */; };
		82CCC0781273462DBBAE9EBA /* VisibleComponentBase.cpp in Sources */ = {isa = PBXBuildFile; fileRef = 16D2A8CACFF948799465D23C /* VisibleComponentBase.cpp */; };
		8D11072F0486CEB800E47090 /* Cocoa.framework in Frameworks */ = {isa = PBXBuildFile; fileRef = 1058C7A1FEA54F0111CA2CBB /* Cocoa.framework */; };
		A272C6A0F29A438680E8A935 /* EventManager.cpp in Sources */ = {isa = PBXBuildFile; fileRef = 250774A35C34402BA2C1C541 /* EventManager.cpp */; };
		AC880E7770E04F1199B4B589 /* ConfigManager.cpp in Sources */ = {isa = PBXBuildFile; fileRef = DB1D096C934E48C886F2DD5D /* ConfigManager.cpp */; };
		B00953FF67BA483D893A8330 /* System_testApp.cpp in Sources */ = {isa = PBXBuildFile; fileRef = ADEEDD55EC1E451196C8BE1F /* System_testApp.cpp */; };
		B4D30174693E431790181465 /* RenderableComponentBase.cpp in Sources */ = {isa = PBXBuildFile; fileRef = 84664CEDB6E74674A286A8F0 /* RenderableComponentBase.cpp */; };
		BADCA38BC2AB4F26A539D85D /* ComponentBase.cpp in Sources */ = {isa = PBXBuildFile; fileRef = 8C6BD0684ADE4E29816F07A8 /* ComponentBase.cpp */; };
		C1A7F68B158043E1B4712EA5 /* SystemEvents.cpp in Sources */ = {isa = PBXBuildFile; fileRef = 8092381842CE45C98F108FDF /* SystemEvents.cpp */; };
		CFEEA9982FBF4AA8B1416019 /* Common.cpp in Sources */ = {isa = PBXBuildFile; fileRef = 87B38D37FC7D478A8357C510 /* Common.cpp */; };
		D3A8C817515843A891ABA004 /* ComponentFactory.cpp in Sources */ = {isa = PBXBuildFile; fileRef = 9824BBEB8F4A476C9D692692 /* ComponentFactory.cpp */; };
		DBAF221422B740319FA38CC8 /* EventManagerBase.cpp in Sources */ = {isa = PBXBuildFile; fileRef = 69A00CE908AF4F2A97A8DBB6 /* EventManagerBase.cpp */; };
		FB9EADD0E784483D92D2975D /* Scene.cpp in Sources */ = {isa = PBXBuildFile; fileRef = 727D0B3E7E6B4306B6E54167 /* Scene.cpp */; };
/* End PBXBuildFile section */

/* Begin PBXFileReference section */
		006D720219952D00008149E2 /* AVFoundation.framework */ = {isa = PBXFileReference; lastKnownFileType = wrapper.framework; name = AVFoundation.framework; path = System/Library/Frameworks/AVFoundation.framework; sourceTree = SDKROOT; };
		006D720319952D00008149E2 /* CoreMedia.framework */ = {isa = PBXFileReference; lastKnownFileType = wrapper.framework; name = CoreMedia.framework; path = System/Library/Frameworks/CoreMedia.framework; sourceTree = SDKROOT; };
		0091D8F80E81B9330029341E /* OpenGL.framework */ = {isa = PBXFileReference; lastKnownFileType = wrapper.framework; name = OpenGL.framework; path = /System/Library/Frameworks/OpenGL.framework; sourceTree = "<absolute>"; };
		00B784AF0FF439BC000DE1D7 /* Accelerate.framework */ = {isa = PBXFileReference; lastKnownFileType = wrapper.framework; name = Accelerate.framework; path = System/Library/Frameworks/Accelerate.framework; sourceTree = SDKROOT; };
		00B784B00FF439BC000DE1D7 /* AudioToolbox.framework */ = {isa = PBXFileReference; lastKnownFileType = wrapper.framework; name = AudioToolbox.framework; path = System/Library/Frameworks/AudioToolbox.framework; sourceTree = SDKROOT; };
		00B784B10FF439BC000DE1D7 /* AudioUnit.framework */ = {isa = PBXFileReference; lastKnownFileType = wrapper.framework; name = AudioUnit.framework; path = System/Library/Frameworks/AudioUnit.framework; sourceTree = SDKROOT; };
		00B784B20FF439BC000DE1D7 /* CoreAudio.framework */ = {isa = PBXFileReference; lastKnownFileType = wrapper.framework; name = CoreAudio.framework; path = System/Library/Frameworks/CoreAudio.framework; sourceTree = SDKROOT; };
		05C3642487B0481AA5162507 /* Scene.h */ = {isa = PBXFileReference; lastKnownFileType = sourcecode.c.h; name = Scene.h; path = ../../../include/Scene/Scene.h; sourceTree = "<group>"; };
		08CB5D2124C9429481B0FA4F /* System_test_Prefix.pch */ = {isa = PBXFileReference; lastKnownFileType = "\"\""; path = System_test_Prefix.pch; sourceTree = "<group>"; };
		1058C7A1FEA54F0111CA2CBB /* Cocoa.framework */ = {isa = PBXFileReference; lastKnownFileType = wrapper.framework; name = Cocoa.framework; path = /System/Library/Frameworks/Cocoa.framework; sourceTree = "<absolute>"; };
		134415D68C8742A5892DDFED /* FactoryBase.cpp */ = {isa = PBXFileReference; lastKnownFileType = sourcecode.c.cpp; name = FactoryBase.cpp; path = ../../../src/Actor/FactoryBase.cpp; sourceTree = "<group>"; };
		16D2A8CACFF948799465D23C /* VisibleComponentBase.cpp */ = {isa = PBXFileReference; lastKnownFileType = sourcecode.c.cpp; name = VisibleComponentBase.cpp; path = ../../../src/Components/VisibleComponentBase.cpp; sourceTree = "<group>"; };
		19CD7E94E1BB4E9FB7E0E571 /* VisibleComponentBase.h */ = {isa = PBXFileReference; lastKnownFileType = sourcecode.c.h; name = VisibleComponentBase.h; path = ../../../include/Components/VisibleComponentBase.h; sourceTree = "<group>"; };
		1D8C82202E05472486DCC0F9 /* EventManagerBase.h */ = {isa = PBXFileReference; lastKnownFileType = sourcecode.c.h; name = EventManagerBase.h; path = ../../../include/Event/EventManagerBase.h; sourceTree = "<group>"; };
		250774A35C34402BA2C1C541 /* EventManager.cpp */ = {isa = PBXFileReference; lastKnownFileType = sourcecode.c.cpp; name = EventManager.cpp; path = ../../../src/Event/EventManager.cpp; sourceTree = "<group>"; };
		29B97324FDCFA39411CA2CEA /* AppKit.framework */ = {isa = PBXFileReference; lastKnownFileType = wrapper.framework; name = AppKit.framework; path = /System/Library/Frameworks/AppKit.framework; sourceTree = "<absolute>"; };
		29B97325FDCFA39411CA2CEA /* Foundation.framework */ = {isa = PBXFileReference; lastKnownFileType = wrapper.framework; name = Foundation.framework; path = /System/Library/Frameworks/Foundation.framework; sourceTree = "<absolute>"; };
		387FA94AFC744937B6E3BD7F /* UpdatableComponentBase.h */ = {isa = PBXFileReference; lastKnownFileType = sourcecode.c.h; name = UpdatableComponentBase.h; path = ../../../include/Components/UpdatableComponentBase.h; sourceTree = "<group>"; };
		3C52DE006FE6402DB7CA00A7 /* ActorFactory.h */ = {isa = PBXFileReference; lastKnownFileType = sourcecode.c.h; name = ActorFactory.h; path = ../../../include/Actor/ActorFactory.h; sourceTree = "<group>"; };
		48DCD7769C70474399133A58 /* FastDelegate.h */ = {isa = PBXFileReference; lastKnownFileType = sourcecode.c.h; name = FastDelegate.h; path = ../../../include/Event/FastDelegate.h; sourceTree = "<group>"; };
		4F85E2EB1B0BD946005BDFD7 /* Components.cpp */ = {isa = PBXFileReference; fileEncoding = 4; lastKnownFileType = sourcecode.cpp.cpp; name = Components.cpp; path = ../src/Components.cpp; sourceTree = "<group>"; };
		4F85E2EC1B0BD946005BDFD7 /* Components.h */ = {isa = PBXFileReference; fileEncoding = 4; lastKnownFileType = sourcecode.c.h; name = Components.h; path = ../src/Components.h; sourceTree = "<group>"; };
		4F85E2ED1B0BD946005BDFD7 /* Events.cpp */ = {isa = PBXFileReference; fileEncoding = 4; lastKnownFileType = sourcecode.cpp.cpp; name = Events.cpp; path = ../src/Events.cpp; sourceTree = "<group>"; };
		4F85E2EE1B0BD946005BDFD7 /* Events.h */ = {isa = PBXFileReference; fileEncoding = 4; lastKnownFileType = sourcecode.c.h; name = Events.h; path = ../src/Events.h; sourceTree = "<group>"; };
		4F85E2EF1B0BD946005BDFD7 /* Scenes.cpp */ = {isa = PBXFileReference; fileEncoding = 4; lastKnownFileType = sourcecode.cpp.cpp; name = Scenes.cpp; path = ../src/Scenes.cpp; sourceTree = "<group>"; };
		4F85E2F01B0BD946005BDFD7 /* Scenes.h */ = {isa = PBXFileReference; fileEncoding = 4; lastKnownFileType = sourcecode.c.h; name = Scenes.h; path = ../src/Scenes.h; sourceTree = "<group>"; };
		4F85E2F41B0BD94C005BDFD7 /* config.json */ = {isa = PBXFileReference; fileEncoding = 4; lastKnownFileType = text.json; name = config.json; path = ../assets/config.json; sourceTree = "<group>"; };
		4F85E2F61B0BD9BD005BDFD7 /* Manager.hpp */ = {isa = PBXFileReference; lastKnownFileType = sourcecode.cpp.h; name = Manager.hpp; path = ../../../include/System/Manager.hpp; sourceTree = "<group>"; };
		4FCBB0AB1B0E7A1300BCE8C0 /* LightManager.h */ = {isa = PBXFileReference; lastKnownFileType = sourcecode.c.h; name = LightManager.h; path = ../src/LightManager.h; sourceTree = "<group>"; };
		4FCBB0AC1B0E7A3F00BCE8C0 /* LightManager.cpp */ = {isa = PBXFileReference; fileEncoding = 4; lastKnownFileType = sourcecode.cpp.cpp; name = LightManager.cpp; path = ../src/LightManager.cpp; sourceTree = "<group>"; };
		4FCBB0AE1B0E7A7B00BCE8C0 /* AppCommon.h */ = {isa = PBXFileReference; lastKnownFileType = sourcecode.c.h; name = AppCommon.h; path = ../src/AppCommon.h; sourceTree = "<group>"; };
		4FCBB0AF1B0E7C0600BCE8C0 /* CameraManager.cpp */ = {isa = PBXFileReference; fileEncoding = 4; lastKnownFileType = sourcecode.cpp.cpp; name = CameraManager.cpp; path = ../src/CameraManager.cpp; sourceTree = "<group>"; };
		4FCBB0B01B0E7C0600BCE8C0 /* CameraManager.h */ = {isa = PBXFileReference; fileEncoding = 4; lastKnownFileType = sourcecode.c.h; name = CameraManager.h; path = ../src/CameraManager.h; sourceTree = "<group>"; };
		4FCBB0B21B0E7E0200BCE8C0 /* CameraComponent.cpp */ = {isa = PBXFileReference; fileEncoding = 4; lastKnownFileType = sourcecode.cpp.cpp; name = CameraComponent.cpp; path = ../src/CameraComponent.cpp; sourceTree = "<group>"; };
		4FCBB0B31B0E7E0200BCE8C0 /* CameraComponent.h */ = {isa = PBXFileReference; fileEncoding = 4; lastKnownFileType = sourcecode.c.h; name = CameraComponent.h; path = ../src/CameraComponent.h; sourceTree = "<group>"; };
		4FCBB0BB1B0E9BFE00BCE8C0 /* LightComponentBase.cpp */ = {isa = PBXFileReference; fileEncoding = 4; lastKnownFileType = sourcecode.cpp.cpp; name = LightComponentBase.cpp; path = ../src/LightComponentBase.cpp; sourceTree = "<group>"; };
		4FCBB0BC1B0E9BFE00BCE8C0 /* LightComponentBase.h */ = {isa = PBXFileReference; fileEncoding = 4; lastKnownFileType = sourcecode.c.h; name = LightComponentBase.h; path = ../src/LightComponentBase.h; sourceTree = "<group>"; };
		4FCBB0BE1B0E9C6500BCE8C0 /* DynamicLightComponent.cpp */ = {isa = PBXFileReference; fileEncoding = 4; lastKnownFileType = sourcecode.cpp.cpp; name = DynamicLightComponent.cpp; path = ../src/DynamicLightComponent.cpp; sourceTree = "<group>"; };
		4FCBB0BF1B0E9C6500BCE8C0 /* DynamicLightComponent.h */ = {isa = PBXFileReference; fileEncoding = 4; lastKnownFileType = sourcecode.c.h; name = DynamicLightComponent.h; path = ../src/DynamicLightComponent.h; sourceTree = "<group>"; };
		4FCBB0C11B0E9C8A00BCE8C0 /* StaticLightComponent.cpp */ = {isa = PBXFileReference; fileEncoding = 4; lastKnownFileType = sourcecode.cpp.cpp; name = StaticLightComponent.cpp; path = ../src/StaticLightComponent.cpp; sourceTree = "<group>"; };
		4FCBB0C21B0E9C8A00BCE8C0 /* StaticLightComponent.h */ = {isa = PBXFileReference; fileEncoding = 4; lastKnownFileType = sourcecode.c.h; name = StaticLightComponent.h; path = ../src/StaticLightComponent.h; sourceTree = "<group>"; };
		4FCBB0C41B0E9C9D00BCE8C0 /* ShadowLightComponent.cpp */ = {isa = PBXFileReference; fileEncoding = 4; lastKnownFileType = sourcecode.cpp.cpp; name = ShadowLightComponent.cpp; path = ../src/ShadowLightComponent.cpp; sourceTree = "<group>"; };
		4FCBB0C51B0E9C9D00BCE8C0 /* ShadowLightComponent.h */ = {isa = PBXFileReference; fileEncoding = 4; lastKnownFileType = sourcecode.c.h; name = ShadowLightComponent.h; path = ../src/ShadowLightComponent.h; sourceTree = "<group>"; };
		4FCBB0CA1B0F6AC200BCE8C0 /* FrustumCullComponent.cpp */ = {isa = PBXFileReference; fileEncoding = 4; lastKnownFileType = sourcecode.cpp.cpp; name = FrustumCullComponent.cpp; path = ../src/FrustumCullComponent.cpp; sourceTree = "<group>"; };
		4FCBB0CB1B0F6AC200BCE8C0 /* FrustumCullComponent.h */ = {isa = PBXFileReference; fileEncoding = 4; lastKnownFileType = sourcecode.c.h; name = FrustumCullComponent.h; path = ../src/FrustumCullComponent.h; sourceTree = "<group>"; };
		4FCBB0CD1B0F7C0B00BCE8C0 /* AppSceneBase.cpp */ = {isa = PBXFileReference; fileEncoding = 4; lastKnownFileType = sourcecode.cpp.cpp; name = AppSceneBase.cpp; path = ../src/AppSceneBase.cpp; sourceTree = "<group>"; };
		4FCBB0CE1B0F7C0B00BCE8C0 /* AppSceneBase.h */ = {isa = PBXFileReference; fileEncoding = 4; lastKnownFileType = sourcecode.c.h; name = AppSceneBase.h; path = ../src/AppSceneBase.h; sourceTree = "<group>"; };
		50ABF73EA4424DB7AC9E1C70 /* Controller.h */ = {isa = PBXFileReference; lastKnownFileType = sourcecode.c.h; name = Controller.h; path = ../../../include/System/Controller.h; sourceTree = "<group>"; };
		5323E6B10EAFCA74003A9687 /* CoreVideo.framework */ = {isa = PBXFileReference; lastKnownFileType = wrapper.framework; name = CoreVideo.framework; path = /System/Library/Frameworks/CoreVideo.framework; sourceTree = "<absolute>"; };
		5323E6B50EAFCA7E003A9687 /* QTKit.framework */ = {isa = PBXFileReference; lastKnownFileType = wrapper.framework; name = QTKit.framework; path = /System/Library/Frameworks/QTKit.framework; sourceTree = "<absolute>"; };
		5D10753C135A4E49A281C013 /* ActorManager.cpp */ = {isa = PBXFileReference; lastKnownFileType = sourcecode.c.cpp; name = ActorManager.cpp; path = ../../../src/Actor/ActorManager.cpp; sourceTree = "<group>"; };
		5DCCA2E7BF614B9CB07D9D09 /* CinderApp.icns */ = {isa = PBXFileReference; lastKnownFileType = image.icns; name = CinderApp.icns; path = ../resources/CinderApp.icns; sourceTree = "<group>"; };
		5F6807AA408247F89D4BC5B0 /* ComponentBase.h */ = {isa = PBXFileReference; lastKnownFileType = sourcecode.c.h; name = ComponentBase.h; path = ../../../include/Components/ComponentBase.h; sourceTree = "<group>"; };
		60314DE232E94E2D8470245F /* RenderableComponentBase.h */ = {isa = PBXFileReference; lastKnownFileType = sourcecode.c.h; name = RenderableComponentBase.h; path = ../../../include/Components/RenderableComponentBase.h; sourceTree = "<group>"; };
		640DCBE28588421F8E3B1066 /* Actor.cpp */ = {isa = PBXFileReference; lastKnownFileType = sourcecode.c.cpp; name = Actor.cpp; path = ../../../src/Actor/Actor.cpp; sourceTree = "<group>"; };
		6790E7CCE4164A17A052674A /* FastDelegateBind.h */ = {isa = PBXFileReference; lastKnownFileType = sourcecode.c.h; name = FastDelegateBind.h; path = ../../../include/Event/FastDelegateBind.h; sourceTree = "<group>"; };
		69A00CE908AF4F2A97A8DBB6 /* EventManagerBase.cpp */ = {isa = PBXFileReference; lastKnownFileType = sourcecode.c.cpp; name = EventManagerBase.cpp; path = ../../../src/Event/EventManagerBase.cpp; sourceTree = "<group>"; };
		727D0B3E7E6B4306B6E54167 /* Scene.cpp */ = {isa = PBXFileReference; lastKnownFileType = sourcecode.c.cpp; name = Scene.cpp; path = ../../../src/Scene/Scene.cpp; sourceTree = "<group>"; };
		7E6DD28E355D4B528CE3DAAE /* UpdatableComponentBase.cpp */ = {isa = PBXFileReference; lastKnownFileType = sourcecode.c.cpp; name = UpdatableComponentBase.cpp; path = ../../../src/Components/UpdatableComponentBase.cpp; sourceTree = "<group>"; };
		8092381842CE45C98F108FDF /* SystemEvents.cpp */ = {isa = PBXFileReference; lastKnownFileType = sourcecode.c.cpp; name = SystemEvents.cpp; path = ../../../src/Event/SystemEvents.cpp; sourceTree = "<group>"; };
		81BE571D2282418FBE3CD177 /* ConfigManager.h */ = {isa = PBXFileReference; lastKnownFileType = sourcecode.c.h; name = ConfigManager.h; path = ../../../include/System/ConfigManager.h; sourceTree = "<group>"; };
		838FD2B8AAC94D4291D292E6 /* EventManager.h */ = {isa = PBXFileReference; lastKnownFileType = sourcecode.c.h; name = EventManager.h; path = ../../../include/Event/EventManager.h; sourceTree = "<group>"; };
		84664CEDB6E74674A286A8F0 /* RenderableComponentBase.cpp */ = {isa = PBXFileReference; lastKnownFileType = sourcecode.c.cpp; name = RenderableComponentBase.cpp; path = ../../../src/Components/RenderableComponentBase.cpp; sourceTree = "<group>"; };
		85BCEE71171746DB8D6D464F /* FactoryBase.h */ = {isa = PBXFileReference; lastKnownFileType = sourcecode.c.h; name = FactoryBase.h; path = ../../../include/Actor/FactoryBase.h; sourceTree = "<group>"; };
		86808DD870EB41F0BF7BB6FC /* Common.h */ = {isa = PBXFileReference; lastKnownFileType = sourcecode.c.h; name = Common.h; path = ../../../include/System/Common.h; sourceTree = "<group>"; };
		87B38D37FC7D478A8357C510 /* Common.cpp */ = {isa = PBXFileReference; lastKnownFileType = sourcecode.c.cpp; name = Common.cpp; path = ../../../src/System/Common.cpp; sourceTree = "<group>"; };
		8C6BD0684ADE4E29816F07A8 /* ComponentBase.cpp */ = {isa = PBXFileReference; lastKnownFileType = sourcecode.c.cpp; name = ComponentBase.cpp; path = ../../../src/Components/ComponentBase.cpp; sourceTree = "<group>"; };
		8D1107320486CEB800E47090 /* System_test.app */ = {isa = PBXFileReference; explicitFileType = wrapper.application; includeInIndex = 0; path = System_test.app; sourceTree = BUILT_PRODUCTS_DIR; };
		958C586258A741D3878AC2C2 /* Resources.h */ = {isa = PBXFileReference; lastKnownFileType = sourcecode.c.h; name = Resources.h; path = ../include/Resources.h; sourceTree = "<group>"; };
		9824BBEB8F4A476C9D692692 /* ComponentFactory.cpp */ = {isa = PBXFileReference; lastKnownFileType = sourcecode.c.cpp; name = ComponentFactory.cpp; path = ../../../src/Components/ComponentFactory.cpp; sourceTree = "<group>"; };
		A1869DC31DA94C9E978BDE4D /* Actor.h */ = {isa = PBXFileReference; lastKnownFileType = sourcecode.c.h; name = Actor.h; path = ../../../include/Actor/Actor.h; sourceTree = "<group>"; };
		A21822696C40424E86630818 /* BaseEventData.h */ = {isa = PBXFileReference; lastKnownFileType = sourcecode.c.h; name = BaseEventData.h; path = ../../../include/Event/BaseEventData.h; sourceTree = "<group>"; };
		A68E142C66AE4C44AFB38736 /* ComponentFactory.h */ = {isa = PBXFileReference; lastKnownFileType = sourcecode.c.h; name = ComponentFactory.h; path = ../../../include/Components/ComponentFactory.h; sourceTree = "<group>"; };
		A7A99997A194495CA118C640 /* ActorManager.h */ = {isa = PBXFileReference; lastKnownFileType = sourcecode.c.h; name = ActorManager.h; path = ../../../include/Actor/ActorManager.h; sourceTree = "<group>"; };
		A880FBCB6E964592B9497C1B /* TransformComponent.h */ = {isa = PBXFileReference; lastKnownFileType = sourcecode.c.h; name = TransformComponent.h; path = ../../../include/Components/TransformComponent.h; sourceTree = "<group>"; };
		ADEEDD55EC1E451196C8BE1F /* System_testApp.cpp */ = {isa = PBXFileReference; lastKnownFileType = sourcecode.c.cpp; name = System_testApp.cpp; path = ../src/System_testApp.cpp; sourceTree = "<group>"; };
		BC2842B9F208420D83CF85F3 /* Controller.cpp */ = {isa = PBXFileReference; lastKnownFileType = sourcecode.c.cpp; name = Controller.cpp; path = ../../../src/System/Controller.cpp; sourceTree = "<group>"; };
		C62F6F030CE748B18F275CC0 /* Info.plist */ = {isa = PBXFileReference; lastKnownFileType = text.plist.xml; path = Info.plist; sourceTree = "<group>"; };
		DB1D096C934E48C886F2DD5D /* ConfigManager.cpp */ = {isa = PBXFileReference; lastKnownFileType = sourcecode.c.cpp; name = ConfigManager.cpp; path = ../../../src/System/ConfigManager.cpp; sourceTree = "<group>"; };
		DB8A765D33ED4E3591380E78 /* ActorFactory.cpp */ = {isa = PBXFileReference; lastKnownFileType = sourcecode.c.cpp; name = ActorFactory.cpp; path = ../../../src/Actor/ActorFactory.cpp; sourceTree = "<group>"; };
		DEDB9E58BC2A4F03874DA9B7 /* SceneFactory.h */ = {isa = PBXFileReference; lastKnownFileType = sourcecode.c.h; name = SceneFactory.h; path = ../../../include/Scene/SceneFactory.h; sourceTree = "<group>"; };
		F163AC84C78843DA94A59208 /* SystemEvents.h */ = {isa = PBXFileReference; lastKnownFileType = sourcecode.c.h; name = SystemEvents.h; path = ../../../include/Event/SystemEvents.h; sourceTree = "<group>"; };
		F6D279BDDAE44300B8CB6C77 /* TransformComponent.cpp */ = {isa = PBXFileReference; lastKnownFileType = sourcecode.c.cpp; name = TransformComponent.cpp; path = ../../../src/Components/TransformComponent.cpp; sourceTree = "<group>"; };
/* End PBXFileReference section */

/* Begin PBXFrameworksBuildPhase section */
		8D11072E0486CEB800E47090 /* Frameworks */ = {
			isa = PBXFrameworksBuildPhase;
			buildActionMask = 2147483647;
			files = (
				006D720419952D00008149E2 /* AVFoundation.framework in Frameworks */,
				006D720519952D00008149E2 /* CoreMedia.framework in Frameworks */,
				8D11072F0486CEB800E47090 /* Cocoa.framework in Frameworks */,
				0091D8F90E81B9330029341E /* OpenGL.framework in Frameworks */,
				5323E6B20EAFCA74003A9687 /* CoreVideo.framework in Frameworks */,
				5323E6B60EAFCA7E003A9687 /* QTKit.framework in Frameworks */,
				00B784B30FF439BC000DE1D7 /* Accelerate.framework in Frameworks */,
				00B784B40FF439BC000DE1D7 /* AudioToolbox.framework in Frameworks */,
				00B784B50FF439BC000DE1D7 /* AudioUnit.framework in Frameworks */,
				00B784B60FF439BC000DE1D7 /* CoreAudio.framework in Frameworks */,
			);
			runOnlyForDeploymentPostprocessing = 0;
		};
/* End PBXFrameworksBuildPhase section */

/* Begin PBXGroup section */
		01B97315FEAEA392516A2CEA /* Blocks */ = {
			isa = PBXGroup;
			children = (
				6043F2DEC4694AB69A3CF067 /* Ecstatic */,
			);
			name = Blocks;
			sourceTree = "<group>";
		};
		04A3C5E3E444424E87E4DEE7 /* Actor */ = {
			isa = PBXGroup;
			children = (
				640DCBE28588421F8E3B1066 /* Actor.cpp */,
				DB8A765D33ED4E3591380E78 /* ActorFactory.cpp */,
				5D10753C135A4E49A281C013 /* ActorManager.cpp */,
				134415D68C8742A5892DDFED /* FactoryBase.cpp */,
			);
			name = Actor;
			sourceTree = "<group>";
		};
		080E96DDFE201D6D7F000001 /* Source */ = {
			isa = PBXGroup;
			children = (
				4FCBB0BA1B0E8B7600BCE8C0 /* Scenes */,
				4FCBB0B81B0E8B4100BCE8C0 /* Components */,
				4FCBB0B71B0E8B3100BCE8C0 /* Events */,
				4FCBB0B61B0E8B2300BCE8C0 /* Camera */,
				4FCBB0B51B0E8B1600BCE8C0 /* Lights */,
				4FCBB0AE1B0E7A7B00BCE8C0 /* AppCommon.h */,
				4F85E2F41B0BD94C005BDFD7 /* config.json */,
				ADEEDD55EC1E451196C8BE1F /* System_testApp.cpp */,
			);
			name = Source;
			sourceTree = "<group>";
		};
		1058C7A0FEA54F0111CA2CBB /* Linked Frameworks */ = {
			isa = PBXGroup;
			children = (
				006D720219952D00008149E2 /* AVFoundation.framework */,
				006D720319952D00008149E2 /* CoreMedia.framework */,
				00B784AF0FF439BC000DE1D7 /* Accelerate.framework */,
				00B784B00FF439BC000DE1D7 /* AudioToolbox.framework */,
				00B784B10FF439BC000DE1D7 /* AudioUnit.framework */,
				00B784B20FF439BC000DE1D7 /* CoreAudio.framework */,
				5323E6B50EAFCA7E003A9687 /* QTKit.framework */,
				5323E6B10EAFCA74003A9687 /* CoreVideo.framework */,
				0091D8F80E81B9330029341E /* OpenGL.framework */,
				1058C7A1FEA54F0111CA2CBB /* Cocoa.framework */,
			);
			name = "Linked Frameworks";
			sourceTree = "<group>";
		};
		1058C7A2FEA54F0111CA2CBB /* Other Frameworks */ = {
			isa = PBXGroup;
			children = (
				29B97324FDCFA39411CA2CEA /* AppKit.framework */,
				29B97325FDCFA39411CA2CEA /* Foundation.framework */,
			);
			name = "Other Frameworks";
			sourceTree = "<group>";
		};
		147A3B5C97224E8BA6F3FC80 /* Event */ = {
			isa = PBXGroup;
			children = (
				A21822696C40424E86630818 /* BaseEventData.h */,
				838FD2B8AAC94D4291D292E6 /* EventManager.h */,
				1D8C82202E05472486DCC0F9 /* EventManagerBase.h */,
				48DCD7769C70474399133A58 /* FastDelegate.h */,
				6790E7CCE4164A17A052674A /* FastDelegateBind.h */,
				F163AC84C78843DA94A59208 /* SystemEvents.h */,
			);
			name = Event;
			sourceTree = "<group>";
		};
		19C28FACFE9D520D11CA2CBB /* Products */ = {
			isa = PBXGroup;
			children = (
				8D1107320486CEB800E47090 /* System_test.app */,
			);
			name = Products;
			sourceTree = "<group>";
		};
		29B97314FDCFA39411CA2CEA /* System_test */ = {
			isa = PBXGroup;
			children = (
				01B97315FEAEA392516A2CEA /* Blocks */,
				29B97315FDCFA39411CA2CEA /* Headers */,
				080E96DDFE201D6D7F000001 /* Source */,
				29B97317FDCFA39411CA2CEA /* Resources */,
				29B97323FDCFA39411CA2CEA /* Frameworks */,
				19C28FACFE9D520D11CA2CBB /* Products */,
			);
			name = System_test;
			sourceTree = "<group>";
		};
		29B97315FDCFA39411CA2CEA /* Headers */ = {
			isa = PBXGroup;
			children = (
				958C586258A741D3878AC2C2 /* Resources.h */,
				08CB5D2124C9429481B0FA4F /* System_test_Prefix.pch */,
			);
			name = Headers;
			sourceTree = "<group>";
		};
		29B97317FDCFA39411CA2CEA /* Resources */ = {
			isa = PBXGroup;
			children = (
				5DCCA2E7BF614B9CB07D9D09 /* CinderApp.icns */,
				C62F6F030CE748B18F275CC0 /* Info.plist */,
			);
			name = Resources;
			sourceTree = "<group>";
		};
		29B97323FDCFA39411CA2CEA /* Frameworks */ = {
			isa = PBXGroup;
			children = (
				1058C7A0FEA54F0111CA2CBB /* Linked Frameworks */,
				1058C7A2FEA54F0111CA2CBB /* Other Frameworks */,
			);
			name = Frameworks;
			sourceTree = "<group>";
		};
		34C43A63EFD4458E858C5845 /* include */ = {
			isa = PBXGroup;
			children = (
				147A3B5C97224E8BA6F3FC80 /* Event */,
				7772884098B34E0EBA9288C3 /* Actor */,
				B0BB9AE9088E4D9D84EE6C04 /* Components */,
				4325E239A10D48438A03FC32 /* Scene */,
				A587F8F54BD24AEF868B46F9 /* System */,
			);
			name = include;
			sourceTree = "<group>";
		};
		4325E239A10D48438A03FC32 /* Scene */ = {
			isa = PBXGroup;
			children = (
				05C3642487B0481AA5162507 /* Scene.h */,
				DEDB9E58BC2A4F03874DA9B7 /* SceneFactory.h */,
			);
			name = Scene;
			sourceTree = "<group>";
		};
		4FCBB0B51B0E8B1600BCE8C0 /* Lights */ = {
			isa = PBXGroup;
			children = (
				4FCBB0AB1B0E7A1300BCE8C0 /* LightManager.h */,
				4FCBB0AC1B0E7A3F00BCE8C0 /* LightManager.cpp */,
				4FCBB0BB1B0E9BFE00BCE8C0 /* LightComponentBase.cpp */,
				4FCBB0BC1B0E9BFE00BCE8C0 /* LightComponentBase.h */,
				4FCBB0BE1B0E9C6500BCE8C0 /* DynamicLightComponent.cpp */,
				4FCBB0BF1B0E9C6500BCE8C0 /* DynamicLightComponent.h */,
				4FCBB0C11B0E9C8A00BCE8C0 /* StaticLightComponent.cpp */,
				4FCBB0C21B0E9C8A00BCE8C0 /* StaticLightComponent.h */,
				4FCBB0C41B0E9C9D00BCE8C0 /* ShadowLightComponent.cpp */,
				4FCBB0C51B0E9C9D00BCE8C0 /* ShadowLightComponent.h */,
			);
			name = Lights;
			sourceTree = "<group>";
		};
		4FCBB0B61B0E8B2300BCE8C0 /* Camera */ = {
			isa = PBXGroup;
			children = (
				4FCBB0B21B0E7E0200BCE8C0 /* CameraComponent.cpp */,
				4FCBB0B31B0E7E0200BCE8C0 /* CameraComponent.h */,
				4FCBB0AF1B0E7C0600BCE8C0 /* CameraManager.cpp */,
				4FCBB0B01B0E7C0600BCE8C0 /* CameraManager.h */,
			);
			name = Camera;
			sourceTree = "<group>";
		};
		4FCBB0B71B0E8B3100BCE8C0 /* Events */ = {
			isa = PBXGroup;
			children = (
				4F85E2ED1B0BD946005BDFD7 /* Events.cpp */,
				4F85E2EE1B0BD946005BDFD7 /* Events.h */,
			);
			name = Events;
			sourceTree = "<group>";
		};
		4FCBB0B81B0E8B4100BCE8C0 /* Components */ = {
			isa = PBXGroup;
			children = (
				4FCBB0CB1B0F6AC200BCE8C0 /* FrustumCullComponent.h */,
				4FCBB0CA1B0F6AC200BCE8C0 /* FrustumCullComponent.cpp */,
				4F85E2EB1B0BD946005BDFD7 /* Components.cpp */,
				4F85E2EC1B0BD946005BDFD7 /* Components.h */,
			);
			name = Components;
			sourceTree = "<group>";
		};
		4FCBB0BA1B0E8B7600BCE8C0 /* Scenes */ = {
			isa = PBXGroup;
			children = (
				4F85E2EF1B0BD946005BDFD7 /* Scenes.cpp */,
				4F85E2F01B0BD946005BDFD7 /* Scenes.h */,
				4FCBB0CD1B0F7C0B00BCE8C0 /* AppSceneBase.cpp */,
				4FCBB0CE1B0F7C0B00BCE8C0 /* AppSceneBase.h */,
			);
			name = Scenes;
			sourceTree = "<group>";
		};
		6043F2DEC4694AB69A3CF067 /* Ecstatic */ = {
			isa = PBXGroup;
			children = (
				34C43A63EFD4458E858C5845 /* include */,
				A18EF085FF9243A88F8A5E96 /* src */,
			);
			name = Ecstatic;
			sourceTree = "<group>";
		};
		75EB578B0D0D4F9698852AB2 /* System */ = {
			isa = PBXGroup;
			children = (
				87B38D37FC7D478A8357C510 /* Common.cpp */,
				DB1D096C934E48C886F2DD5D /* ConfigManager.cpp */,
				BC2842B9F208420D83CF85F3 /* Controller.cpp */,
			);
			name = System;
			sourceTree = "<group>";
		};
		7772884098B34E0EBA9288C3 /* Actor */ = {
			isa = PBXGroup;
			children = (
				A1869DC31DA94C9E978BDE4D /* Actor.h */,
				3C52DE006FE6402DB7CA00A7 /* ActorFactory.h */,
				A7A99997A194495CA118C640 /* ActorManager.h */,
				85BCEE71171746DB8D6D464F /* FactoryBase.h */,
			);
			name = Actor;
			sourceTree = "<group>";
		};
		87DC0F893C2B4CFC9B302BBE /* Event */ = {
			isa = PBXGroup;
			children = (
				250774A35C34402BA2C1C541 /* EventManager.cpp */,
				69A00CE908AF4F2A97A8DBB6 /* EventManagerBase.cpp */,
				8092381842CE45C98F108FDF /* SystemEvents.cpp */,
			);
			name = Event;
			sourceTree = "<group>";
		};
		966E0826CEDE4DD98758305F /* Scene */ = {
			isa = PBXGroup;
			children = (
				727D0B3E7E6B4306B6E54167 /* Scene.cpp */,
			);
			name = Scene;
			sourceTree = "<group>";
		};
		A18EF085FF9243A88F8A5E96 /* src */ = {
			isa = PBXGroup;
			children = (
				87DC0F893C2B4CFC9B302BBE /* Event */,
				04A3C5E3E444424E87E4DEE7 /* Actor */,
				CC7E46CEE4F34F63AADE9C61 /* Components */,
				966E0826CEDE4DD98758305F /* Scene */,
				75EB578B0D0D4F9698852AB2 /* System */,
			);
			name = src;
			sourceTree = "<group>";
		};
		A587F8F54BD24AEF868B46F9 /* System */ = {
			isa = PBXGroup;
			children = (
				86808DD870EB41F0BF7BB6FC /* Common.h */,
				81BE571D2282418FBE3CD177 /* ConfigManager.h */,
				50ABF73EA4424DB7AC9E1C70 /* Controller.h */,
				4F85E2F61B0BD9BD005BDFD7 /* Manager.hpp */,
			);
			name = System;
			sourceTree = "<group>";
		};
		B0BB9AE9088E4D9D84EE6C04 /* Components */ = {
			isa = PBXGroup;
			children = (
				5F6807AA408247F89D4BC5B0 /* ComponentBase.h */,
				A68E142C66AE4C44AFB38736 /* ComponentFactory.h */,
				60314DE232E94E2D8470245F /* RenderableComponentBase.h */,
				A880FBCB6E964592B9497C1B /* TransformComponent.h */,
				387FA94AFC744937B6E3BD7F /* UpdatableComponentBase.h */,
				19CD7E94E1BB4E9FB7E0E571 /* VisibleComponentBase.h */,
			);
			name = Components;
			sourceTree = "<group>";
		};
		CC7E46CEE4F34F63AADE9C61 /* Components */ = {
			isa = PBXGroup;
			children = (
				8C6BD0684ADE4E29816F07A8 /* ComponentBase.cpp */,
				9824BBEB8F4A476C9D692692 /* ComponentFactory.cpp */,
				84664CEDB6E74674A286A8F0 /* RenderableComponentBase.cpp */,
				F6D279BDDAE44300B8CB6C77 /* TransformComponent.cpp */,
				7E6DD28E355D4B528CE3DAAE /* UpdatableComponentBase.cpp */,
				16D2A8CACFF948799465D23C /* VisibleComponentBase.cpp */,
			);
			name = Components;
			sourceTree = "<group>";
		};
/* End PBXGroup section */

/* Begin PBXNativeTarget section */
		8D1107260486CEB800E47090 /* System_test */ = {
			isa = PBXNativeTarget;
			buildConfigurationList = C01FCF4A08A954540054247B /* Build configuration list for PBXNativeTarget "System_test" */;
			buildPhases = (
				8D1107290486CEB800E47090 /* Resources */,
				8D11072C0486CEB800E47090 /* Sources */,
				8D11072E0486CEB800E47090 /* Frameworks */,
			);
			buildRules = (
			);
			dependencies = (
			);
			name = System_test;
			productInstallPath = "$(HOME)/Applications";
			productName = System_test;
			productReference = 8D1107320486CEB800E47090 /* System_test.app */;
			productType = "com.apple.product-type.application";
		};
/* End PBXNativeTarget section */

/* Begin PBXProject section */
		29B97313FDCFA39411CA2CEA /* Project object */ = {
			isa = PBXProject;
			attributes = {
			};
			buildConfigurationList = C01FCF4E08A954540054247B /* Build configuration list for PBXProject "System_test" */;
			compatibilityVersion = "Xcode 3.2";
			developmentRegion = English;
			hasScannedForEncodings = 1;
			knownRegions = (
				English,
				Japanese,
				French,
				German,
			);
			mainGroup = 29B97314FDCFA39411CA2CEA /* System_test */;
			projectDirPath = "";
			projectRoot = "";
			targets = (
				8D1107260486CEB800E47090 /* System_test */,
			);
		};
/* End PBXProject section */

/* Begin PBXResourcesBuildPhase section */
		8D1107290486CEB800E47090 /* Resources */ = {
			isa = PBXResourcesBuildPhase;
			buildActionMask = 2147483647;
			files = (
				67D83267B7ED4FA6B49F67DB /* CinderApp.icns in Resources */,
				4F85E2F51B0BD94C005BDFD7 /* config.json in Resources */,
			);
			runOnlyForDeploymentPostprocessing = 0;
		};
/* End PBXResourcesBuildPhase section */

/* Begin PBXSourcesBuildPhase section */
		8D11072C0486CEB800E47090 /* Sources */ = {
			isa = PBXSourcesBuildPhase;
			buildActionMask = 2147483647;
			files = (
				B00953FF67BA483D893A8330 /* System_testApp.cpp in Sources */,
				A272C6A0F29A438680E8A935 /* EventManager.cpp in Sources */,
				4FCBB0C61B0E9C9D00BCE8C0 /* ShadowLightComponent.cpp in Sources */,
				4FCBB0AD1B0E7A3F00BCE8C0 /* LightManager.cpp in Sources */,
				DBAF221422B740319FA38CC8 /* EventManagerBase.cpp in Sources */,
				4FCBB0BD1B0E9BFE00BCE8C0 /* LightComponentBase.cpp in Sources */,
				C1A7F68B158043E1B4712EA5 /* SystemEvents.cpp in Sources */,
				5625F89DA6854AF2827AA41D /* Actor.cpp in Sources */,
				4FCBB0B41B0E7E0200BCE8C0 /* CameraComponent.cpp in Sources */,
				4E453BDCC17B4D7B823E8E3F /* ActorFactory.cpp in Sources */,
				4F85E2F31B0BD946005BDFD7 /* Scenes.cpp in Sources */,
				32073B408D194BA4827CDA1A /* ActorManager.cpp in Sources */,
				5D2F2DB5AB14493397985D0E /* FactoryBase.cpp in Sources */,
				BADCA38BC2AB4F26A539D85D /* ComponentBase.cpp in Sources */,
				4F85E2F21B0BD946005BDFD7 /* Events.cpp in Sources */,
				4FCBB0CF1B0F7C0B00BCE8C0 /* AppSceneBase.cpp in Sources */,
				D3A8C817515843A891ABA004 /* ComponentFactory.cpp in Sources */,
				B4D30174693E431790181465 /* RenderableComponentBase.cpp in Sources */,
				4D50689423F947BCA1E2DB4C /* TransformComponent.cpp in Sources */,
				53CB2E4C02864F439668F7A2 /* UpdatableComponentBase.cpp in Sources */,
				4FCBB0CC1B0F6AC200BCE8C0 /* FrustumCullComponent.cpp in Sources */,
				4F85E2F11B0BD946005BDFD7 /* Components.cpp in Sources */,
				4FCBB0C31B0E9C8A00BCE8C0 /* StaticLightComponent.cpp in Sources */,
				82CCC0781273462DBBAE9EBA /* VisibleComponentBase.cpp in Sources */,
				FB9EADD0E784483D92D2975D /* Scene.cpp in Sources */,
				CFEEA9982FBF4AA8B1416019 /* Common.cpp in Sources */,
				AC880E7770E04F1199B4B589 /* ConfigManager.cpp in Sources */,
				4FCBB0B11B0E7C0600BCE8C0 /* CameraManager.cpp in Sources */,
				4FCBB0C01B0E9C6500BCE8C0 /* DynamicLightComponent.cpp in Sources */,
				5709DC3FAD5F4141B11A8822 /* Controller.cpp in Sources */,
			);
			runOnlyForDeploymentPostprocessing = 0;
		};
/* End PBXSourcesBuildPhase section */

/* Begin XCBuildConfiguration section */
		C01FCF4B08A954540054247B /* Debug */ = {
			isa = XCBuildConfiguration;
			buildSettings = {
				COMBINE_HIDPI_IMAGES = YES;
				COPY_PHASE_STRIP = NO;
				DEAD_CODE_STRIPPING = YES;
				GCC_DYNAMIC_NO_PIC = NO;
				GCC_INLINES_ARE_PRIVATE_EXTERN = YES;
				GCC_OPTIMIZATION_LEVEL = 0;
				GCC_PRECOMPILE_PREFIX_HEADER = YES;
				GCC_PREFIX_HEADER = System_test_Prefix.pch;
				GCC_PREPROCESSOR_DEFINITIONS = (
					"DEBUG=1",
					"$(inherited)",
				);
				GCC_SYMBOLS_PRIVATE_EXTERN = NO;
				INFOPLIST_FILE = Info.plist;
				INSTALL_PATH = "$(HOME)/Applications";
				OTHER_LDFLAGS = "\"$(CINDER_PATH)/lib/libcinder_d.a\"";
				PRODUCT_NAME = System_test;
				SYMROOT = ./build;
				WRAPPER_EXTENSION = app;
			};
			name = Debug;
		};
		C01FCF4C08A954540054247B /* Release */ = {
			isa = XCBuildConfiguration;
			buildSettings = {
				COMBINE_HIDPI_IMAGES = YES;
				DEAD_CODE_STRIPPING = YES;
				DEBUG_INFORMATION_FORMAT = "dwarf-with-dsym";
				GCC_FAST_MATH = YES;
				GCC_GENERATE_DEBUGGING_SYMBOLS = NO;
				GCC_INLINES_ARE_PRIVATE_EXTERN = YES;
				GCC_OPTIMIZATION_LEVEL = 3;
				GCC_PRECOMPILE_PREFIX_HEADER = YES;
				GCC_PREFIX_HEADER = System_test_Prefix.pch;
				GCC_PREPROCESSOR_DEFINITIONS = (
					"NDEBUG=1",
					"$(inherited)",
				);
				GCC_SYMBOLS_PRIVATE_EXTERN = NO;
				INFOPLIST_FILE = Info.plist;
				INSTALL_PATH = "$(HOME)/Applications";
				OTHER_LDFLAGS = "\"$(CINDER_PATH)/lib/libcinder.a\"";
				PRODUCT_NAME = System_test;
				STRIP_INSTALLED_PRODUCT = YES;
				SYMROOT = ./build;
				WRAPPER_EXTENSION = app;
			};
			name = Release;
		};
		C01FCF4F08A954540054247B /* Debug */ = {
			isa = XCBuildConfiguration;
			buildSettings = {
				ALWAYS_SEARCH_USER_PATHS = NO;
				ARCHS = x86_64;
				CINDER_PATH = ../../../../..;
				CLANG_CXX_LANGUAGE_STANDARD = "c++0x";
				CLANG_CXX_LIBRARY = "libc++";
				GCC_WARN_ABOUT_RETURN_TYPE = YES;
				GCC_WARN_UNUSED_VARIABLE = YES;
				HEADER_SEARCH_PATHS = "\"$(CINDER_PATH)/boost\"";
				MACOSX_DEPLOYMENT_TARGET = 10.8;
				SDKROOT = macosx;
				USER_HEADER_SEARCH_PATHS = "\"$(CINDER_PATH)/include\" ../include ../../../include";
			};
			name = Debug;
		};
		C01FCF5008A954540054247B /* Release */ = {
			isa = XCBuildConfiguration;
			buildSettings = {
				ALWAYS_SEARCH_USER_PATHS = NO;
				ARCHS = x86_64;
				CINDER_PATH = ../../../../..;
				CLANG_CXX_LANGUAGE_STANDARD = "c++0x";
				CLANG_CXX_LIBRARY = "libc++";
				GCC_WARN_ABOUT_RETURN_TYPE = YES;
				GCC_WARN_UNUSED_VARIABLE = YES;
				HEADER_SEARCH_PATHS = "\"$(CINDER_PATH)/boost\"";
				MACOSX_DEPLOYMENT_TARGET = 10.8;
				SDKROOT = macosx;
				USER_HEADER_SEARCH_PATHS = "\"$(CINDER_PATH)/include\" ../include ../../../include";
			};
			name = Release;
		};
/* End XCBuildConfiguration section */

/* Begin XCConfigurationList section */
		C01FCF4A08A954540054247B /* Build configuration list for PBXNativeTarget "System_test" */ = {
			isa = XCConfigurationList;
			buildConfigurations = (
				C01FCF4B08A954540054247B /* Debug */,
				C01FCF4C08A954540054247B /* Release */,
			);
			defaultConfigurationIsVisible = 0;
			defaultConfigurationName = Release;
		};
		C01FCF4E08A954540054247B /* Build configuration list for PBXProject "System_test" */ = {
			isa = XCConfigurationList;
			buildConfigurations = (
				C01FCF4F08A954540054247B /* Debug */,
				C01FCF5008A954540054247B /* Release */,
			);
			defaultConfigurationIsVisible = 0;
			defaultConfigurationName = Release;
		};
/* End XCConfigurationList section */
	};
	rootObject = 29B97313FDCFA39411CA2CEA /* Project object */;
}
